// !$*UTF8*$!
{
	archiveVersion = 1;
	classes = {
	};
	objectVersion = 50;
	objects = {

/* Begin PBXBuildFile section */
		31216FAA7A67909657B7154E /* Pods_News.framework in Frameworks */ = {isa = PBXBuildFile; fileRef = EB5131B987FDBA155D61825F /* Pods_News.framework */; };
		AD2412FF2175D505002A37C3 /* NoLoginHeaderView.swift in Sources */ = {isa = PBXBuildFile; fileRef = AD2412FE2175D505002A37C3 /* NoLoginHeaderView.swift */; };
		AD2413012175D539002A37C3 /* NoLoginHeaderView.xib in Resources */ = {isa = PBXBuildFile; fileRef = AD2413002175D539002A37C3 /* NoLoginHeaderView.xib */; };
		AD601F9221816A3B0001C036 /* DQMoreLoginVC.swift in Sources */ = {isa = PBXBuildFile; fileRef = AD601F9121816A3B0001C036 /* DQMoreLoginVC.swift */; };
		AD6A1D5521742766009D8E35 /* API.swift in Sources */ = {isa = PBXBuildFile; fileRef = AD6A1D5421742766009D8E35 /* API.swift */; };
		AD6A1D572174328B009D8E35 /* MyCellModel.swift in Sources */ = {isa = PBXBuildFile; fileRef = AD6A1D562174328B009D8E35 /* MyCellModel.swift */; };
		AD6A1D5A21743BAF009D8E35 /* MineCell.swift in Sources */ = {isa = PBXBuildFile; fileRef = AD6A1D5821743BAF009D8E35 /* MineCell.swift */; };
		AD6A1D5B21743BAF009D8E35 /* MineCell.xib in Resources */ = {isa = PBXBuildFile; fileRef = AD6A1D5921743BAF009D8E35 /* MineCell.xib */; };
		AD6A1D5E217467C6009D8E35 /* MineFirstSectionCell.swift in Sources */ = {isa = PBXBuildFile; fileRef = AD6A1D5C217467C6009D8E35 /* MineFirstSectionCell.swift */; };
		AD6A1D5F217467C6009D8E35 /* MineFirstSectionCell.xib in Resources */ = {isa = PBXBuildFile; fileRef = AD6A1D5D217467C6009D8E35 /* MineFirstSectionCell.xib */; };
		AD6A1D6121746D42009D8E35 /* UIView+extension.swift in Sources */ = {isa = PBXBuildFile; fileRef = AD6A1D6021746D42009D8E35 /* UIView+extension.swift */; };
		AD6A1D6321746E56009D8E35 /* UITableView+Extension.swift in Sources */ = {isa = PBXBuildFile; fileRef = AD6A1D6221746E56009D8E35 /* UITableView+Extension.swift */; };
		AD6A1D652174702C009D8E35 /* UICollectionView+Extension.swift in Sources */ = {isa = PBXBuildFile; fileRef = AD6A1D642174702C009D8E35 /* UICollectionView+Extension.swift */; };
		AD6A1D682174837D009D8E35 /* MyfollowCollectionCell.swift in Sources */ = {isa = PBXBuildFile; fileRef = AD6A1D662174837D009D8E35 /* MyfollowCollectionCell.swift */; };
		AD6A1D692174837D009D8E35 /* MyfollowCollectionCell.xib in Resources */ = {isa = PBXBuildFile; fileRef = AD6A1D672174837D009D8E35 /* MyfollowCollectionCell.xib */; };
		AD7A56AA21708F4600F08FD5 /* NetworkTool.swift in Sources */ = {isa = PBXBuildFile; fileRef = AD7A56A921708F4600F08FD5 /* NetworkTool.swift */; };
		AD7C5DC2216F3BB100FC9B43 /* DQTabBar.swift in Sources */ = {isa = PBXBuildFile; fileRef = AD7C5DC1216F3BB100FC9B43 /* DQTabBar.swift */; };
		AD7C5DD8216F42EB00FC9B43 /* DQHomeVC.swift in Sources */ = {isa = PBXBuildFile; fileRef = AD7C5DC6216F42EB00FC9B43 /* DQHomeVC.swift */; };
		AD7C5DD9216F42EB00FC9B43 /* DQHuoshanVC.swift in Sources */ = {isa = PBXBuildFile; fileRef = AD7C5DCB216F42EB00FC9B43 /* DQHuoshanVC.swift */; };
		AD7C5DDA216F42EB00FC9B43 /* DQMineVC.swift in Sources */ = {isa = PBXBuildFile; fileRef = AD7C5DD0216F42EB00FC9B43 /* DQMineVC.swift */; };
		AD7C5DDB216F42EB00FC9B43 /* DQVideoVC.swift in Sources */ = {isa = PBXBuildFile; fileRef = AD7C5DD5216F42EB00FC9B43 /* DQVideoVC.swift */; };
		AD7C5DDE216F4C7600FC9B43 /* Const.swift in Sources */ = {isa = PBXBuildFile; fileRef = AD7C5DDD216F4C7600FC9B43 /* Const.swift */; };
		AD7C5DE1216F4E2F00FC9B43 /* UIColor+Extension.swift in Sources */ = {isa = PBXBuildFile; fileRef = AD7C5DE0216F4E2F00FC9B43 /* UIColor+Extension.swift */; };
		AD8C81BD21800E44009C3756 /* ThemeTool.swift in Sources */ = {isa = PBXBuildFile; fileRef = AD8C81BC21800E44009C3756 /* ThemeTool.swift */; };
		AD8C81BF21800F27009C3756 /* DefaultTheme.plist in Resources */ = {isa = PBXBuildFile; fileRef = AD8C81BE21800F27009C3756 /* DefaultTheme.plist */; };
		AD8C81C121800F38009C3756 /* NightTheme.plist in Resources */ = {isa = PBXBuildFile; fileRef = AD8C81C021800F38009C3756 /* NightTheme.plist */; };
		ADBB353C216DCE7000CA492B /* AppDelegate.swift in Sources */ = {isa = PBXBuildFile; fileRef = ADBB353B216DCE7000CA492B /* AppDelegate.swift */; };
		ADBB3541216DCE7000CA492B /* Main.storyboard in Resources */ = {isa = PBXBuildFile; fileRef = ADBB353F216DCE7000CA492B /* Main.storyboard */; };
		ADBB3543216DCE7B00CA492B /* Assets.xcassets in Resources */ = {isa = PBXBuildFile; fileRef = ADBB3542216DCE7B00CA492B /* Assets.xcassets */; };
		ADBB3546216DCE7B00CA492B /* LaunchScreen.storyboard in Resources */ = {isa = PBXBuildFile; fileRef = ADBB3544216DCE7B00CA492B /* LaunchScreen.storyboard */; };
		ADBB3551216DCE7C00CA492B /* NewsTests.swift in Sources */ = {isa = PBXBuildFile; fileRef = ADBB3550216DCE7C00CA492B /* NewsTests.swift */; };
		ADBB355C216DCE7C00CA492B /* NewsUITests.swift in Sources */ = {isa = PBXBuildFile; fileRef = ADBB355B216DCE7C00CA492B /* NewsUITests.swift */; };
		ADBB356A216DD07F00CA492B /* DQTabBarVC.swift in Sources */ = {isa = PBXBuildFile; fileRef = ADBB3569216DD07F00CA492B /* DQTabBarVC.swift */; };
		ADBB356C216DD0A900CA492B /* DQNavigationVC.swift in Sources */ = {isa = PBXBuildFile; fileRef = ADBB356B216DD0A900CA492B /* DQNavigationVC.swift */; };
/* End PBXBuildFile section */

/* Begin PBXContainerItemProxy section */
		ADBB354D216DCE7C00CA492B /* PBXContainerItemProxy */ = {
			isa = PBXContainerItemProxy;
			containerPortal = ADBB3530216DCE7000CA492B /* Project object */;
			proxyType = 1;
			remoteGlobalIDString = ADBB3537216DCE7000CA492B;
			remoteInfo = News;
		};
		ADBB3558216DCE7C00CA492B /* PBXContainerItemProxy */ = {
			isa = PBXContainerItemProxy;
			containerPortal = ADBB3530216DCE7000CA492B /* Project object */;
			proxyType = 1;
			remoteGlobalIDString = ADBB3537216DCE7000CA492B;
			remoteInfo = News;
		};
/* End PBXContainerItemProxy section */

/* Begin PBXFileReference section */
		3EE15182970C21ED47A7BE83 /* Pods-News.release.xcconfig */ = {isa = PBXFileReference; includeInIndex = 1; lastKnownFileType = text.xcconfig; name = "Pods-News.release.xcconfig"; path = "Pods/Target Support Files/Pods-News/Pods-News.release.xcconfig"; sourceTree = "<group>"; };
		8EC23DCDED9565E1780AB51F /* Pods-News.debug.xcconfig */ = {isa = PBXFileReference; includeInIndex = 1; lastKnownFileType = text.xcconfig; name = "Pods-News.debug.xcconfig"; path = "Pods/Target Support Files/Pods-News/Pods-News.debug.xcconfig"; sourceTree = "<group>"; };
		AD2412FE2175D505002A37C3 /* NoLoginHeaderView.swift */ = {isa = PBXFileReference; lastKnownFileType = sourcecode.swift; path = NoLoginHeaderView.swift; sourceTree = "<group>"; };
		AD2413002175D539002A37C3 /* NoLoginHeaderView.xib */ = {isa = PBXFileReference; lastKnownFileType = file.xib; path = NoLoginHeaderView.xib; sourceTree = "<group>"; };
		AD601F9121816A3B0001C036 /* DQMoreLoginVC.swift */ = {isa = PBXFileReference; lastKnownFileType = sourcecode.swift; path = DQMoreLoginVC.swift; sourceTree = "<group>"; };
		AD6A1D5421742766009D8E35 /* API.swift */ = {isa = PBXFileReference; lastKnownFileType = sourcecode.swift; path = API.swift; sourceTree = "<group>"; };
		AD6A1D562174328B009D8E35 /* MyCellModel.swift */ = {isa = PBXFileReference; lastKnownFileType = sourcecode.swift; path = MyCellModel.swift; sourceTree = "<group>"; };
		AD6A1D5821743BAF009D8E35 /* MineCell.swift */ = {isa = PBXFileReference; lastKnownFileType = sourcecode.swift; path = MineCell.swift; sourceTree = "<group>"; };
		AD6A1D5921743BAF009D8E35 /* MineCell.xib */ = {isa = PBXFileReference; lastKnownFileType = file.xib; path = MineCell.xib; sourceTree = "<group>"; };
		AD6A1D5C217467C6009D8E35 /* MineFirstSectionCell.swift */ = {isa = PBXFileReference; lastKnownFileType = sourcecode.swift; path = MineFirstSectionCell.swift; sourceTree = "<group>"; };
		AD6A1D5D217467C6009D8E35 /* MineFirstSectionCell.xib */ = {isa = PBXFileReference; lastKnownFileType = file.xib; path = MineFirstSectionCell.xib; sourceTree = "<group>"; };
		AD6A1D6021746D42009D8E35 /* UIView+extension.swift */ = {isa = PBXFileReference; lastKnownFileType = sourcecode.swift; path = "UIView+extension.swift"; sourceTree = "<group>"; };
		AD6A1D6221746E56009D8E35 /* UITableView+Extension.swift */ = {isa = PBXFileReference; lastKnownFileType = sourcecode.swift; path = "UITableView+Extension.swift"; sourceTree = "<group>"; };
		AD6A1D642174702C009D8E35 /* UICollectionView+Extension.swift */ = {isa = PBXFileReference; lastKnownFileType = sourcecode.swift; path = "UICollectionView+Extension.swift"; sourceTree = "<group>"; };
		AD6A1D662174837D009D8E35 /* MyfollowCollectionCell.swift */ = {isa = PBXFileReference; lastKnownFileType = sourcecode.swift; path = MyfollowCollectionCell.swift; sourceTree = "<group>"; };
		AD6A1D672174837D009D8E35 /* MyfollowCollectionCell.xib */ = {isa = PBXFileReference; lastKnownFileType = file.xib; path = MyfollowCollectionCell.xib; sourceTree = "<group>"; };
		AD7A56A921708F4600F08FD5 /* NetworkTool.swift */ = {isa = PBXFileReference; lastKnownFileType = sourcecode.swift; path = NetworkTool.swift; sourceTree = "<group>"; };
		AD7C5DC1216F3BB100FC9B43 /* DQTabBar.swift */ = {isa = PBXFileReference; lastKnownFileType = sourcecode.swift; path = DQTabBar.swift; sourceTree = "<group>"; };
		AD7C5DC6216F42EB00FC9B43 /* DQHomeVC.swift */ = {isa = PBXFileReference; fileEncoding = 4; lastKnownFileType = sourcecode.swift; path = DQHomeVC.swift; sourceTree = "<group>"; };
		AD7C5DCB216F42EB00FC9B43 /* DQHuoshanVC.swift */ = {isa = PBXFileReference; fileEncoding = 4; lastKnownFileType = sourcecode.swift; path = DQHuoshanVC.swift; sourceTree = "<group>"; };
		AD7C5DD0216F42EB00FC9B43 /* DQMineVC.swift */ = {isa = PBXFileReference; fileEncoding = 4; lastKnownFileType = sourcecode.swift; path = DQMineVC.swift; sourceTree = "<group>"; };
		AD7C5DD5216F42EB00FC9B43 /* DQVideoVC.swift */ = {isa = PBXFileReference; fileEncoding = 4; lastKnownFileType = sourcecode.swift; path = DQVideoVC.swift; sourceTree = "<group>"; };
		AD7C5DDD216F4C7600FC9B43 /* Const.swift */ = {isa = PBXFileReference; lastKnownFileType = sourcecode.swift; path = Const.swift; sourceTree = "<group>"; };
		AD7C5DE0216F4E2F00FC9B43 /* UIColor+Extension.swift */ = {isa = PBXFileReference; lastKnownFileType = sourcecode.swift; path = "UIColor+Extension.swift"; sourceTree = "<group>"; };
		AD8C81BC21800E44009C3756 /* ThemeTool.swift */ = {isa = PBXFileReference; lastKnownFileType = sourcecode.swift; path = ThemeTool.swift; sourceTree = "<group>"; };
		AD8C81BE21800F27009C3756 /* DefaultTheme.plist */ = {isa = PBXFileReference; lastKnownFileType = text.plist.xml; path = DefaultTheme.plist; sourceTree = "<group>"; };
		AD8C81C021800F38009C3756 /* NightTheme.plist */ = {isa = PBXFileReference; lastKnownFileType = text.plist.xml; path = NightTheme.plist; sourceTree = "<group>"; };
		ADBB3538216DCE7000CA492B /* News.app */ = {isa = PBXFileReference; explicitFileType = wrapper.application; includeInIndex = 0; path = News.app; sourceTree = BUILT_PRODUCTS_DIR; };
		ADBB353B216DCE7000CA492B /* AppDelegate.swift */ = {isa = PBXFileReference; lastKnownFileType = sourcecode.swift; path = AppDelegate.swift; sourceTree = "<group>"; };
		ADBB3540216DCE7000CA492B /* Base */ = {isa = PBXFileReference; lastKnownFileType = file.storyboard; name = Base; path = Base.lproj/Main.storyboard; sourceTree = "<group>"; };
		ADBB3542216DCE7B00CA492B /* Assets.xcassets */ = {isa = PBXFileReference; lastKnownFileType = folder.assetcatalog; path = Assets.xcassets; sourceTree = "<group>"; };
		ADBB3545216DCE7B00CA492B /* Base */ = {isa = PBXFileReference; lastKnownFileType = file.storyboard; name = Base; path = Base.lproj/LaunchScreen.storyboard; sourceTree = "<group>"; };
		ADBB3547216DCE7B00CA492B /* Info.plist */ = {isa = PBXFileReference; lastKnownFileType = text.plist.xml; path = Info.plist; sourceTree = "<group>"; };
		ADBB354C216DCE7C00CA492B /* NewsTests.xctest */ = {isa = PBXFileReference; explicitFileType = wrapper.cfbundle; includeInIndex = 0; path = NewsTests.xctest; sourceTree = BUILT_PRODUCTS_DIR; };
		ADBB3550216DCE7C00CA492B /* NewsTests.swift */ = {isa = PBXFileReference; lastKnownFileType = sourcecode.swift; path = NewsTests.swift; sourceTree = "<group>"; };
		ADBB3552216DCE7C00CA492B /* Info.plist */ = {isa = PBXFileReference; lastKnownFileType = text.plist.xml; path = Info.plist; sourceTree = "<group>"; };
		ADBB3557216DCE7C00CA492B /* NewsUITests.xctest */ = {isa = PBXFileReference; explicitFileType = wrapper.cfbundle; includeInIndex = 0; path = NewsUITests.xctest; sourceTree = BUILT_PRODUCTS_DIR; };
		ADBB355B216DCE7C00CA492B /* NewsUITests.swift */ = {isa = PBXFileReference; lastKnownFileType = sourcecode.swift; path = NewsUITests.swift; sourceTree = "<group>"; };
		ADBB355D216DCE7C00CA492B /* Info.plist */ = {isa = PBXFileReference; lastKnownFileType = text.plist.xml; path = Info.plist; sourceTree = "<group>"; };
		ADBB3569216DD07F00CA492B /* DQTabBarVC.swift */ = {isa = PBXFileReference; lastKnownFileType = sourcecode.swift; path = DQTabBarVC.swift; sourceTree = "<group>"; };
		ADBB356B216DD0A900CA492B /* DQNavigationVC.swift */ = {isa = PBXFileReference; lastKnownFileType = sourcecode.swift; path = DQNavigationVC.swift; sourceTree = "<group>"; };
		EB5131B987FDBA155D61825F /* Pods_News.framework */ = {isa = PBXFileReference; explicitFileType = wrapper.framework; includeInIndex = 0; path = Pods_News.framework; sourceTree = BUILT_PRODUCTS_DIR; };
/* End PBXFileReference section */

/* Begin PBXFrameworksBuildPhase section */
		ADBB3535216DCE7000CA492B /* Frameworks */ = {
			isa = PBXFrameworksBuildPhase;
			buildActionMask = 2147483647;
			files = (
				31216FAA7A67909657B7154E /* Pods_News.framework in Frameworks */,
			);
			runOnlyForDeploymentPostprocessing = 0;
		};
		ADBB3549216DCE7C00CA492B /* Frameworks */ = {
			isa = PBXFrameworksBuildPhase;
			buildActionMask = 2147483647;
			files = (
			);
			runOnlyForDeploymentPostprocessing = 0;
		};
		ADBB3554216DCE7C00CA492B /* Frameworks */ = {
			isa = PBXFrameworksBuildPhase;
			buildActionMask = 2147483647;
			files = (
			);
			runOnlyForDeploymentPostprocessing = 0;
		};
/* End PBXFrameworksBuildPhase section */

/* Begin PBXGroup section */
		69B1B6AF84BE68E13C288EA8 /* Frameworks */ = {
			isa = PBXGroup;
			children = (
				EB5131B987FDBA155D61825F /* Pods_News.framework */,
			);
			name = Frameworks;
			sourceTree = "<group>";
		};
		AD7A56A821708F2900F08FD5 /* Tools */ = {
			isa = PBXGroup;
			children = (
				AD7A56A921708F4600F08FD5 /* NetworkTool.swift */,
				AD8C81BC21800E44009C3756 /* ThemeTool.swift */,
			);
			path = Tools;
			sourceTree = "<group>";
		};
		AD7C5DC3216F42EB00FC9B43 /* Classes */ = {
			isa = PBXGroup;
			children = (
				AD7C5DC4216F42EB00FC9B43 /* Home */,
				AD7C5DC9216F42EB00FC9B43 /* Huoshan */,
				AD7C5DCE216F42EB00FC9B43 /* Mine */,
				AD7C5DD3216F42EB00FC9B43 /* Video */,
			);
			path = Classes;
			sourceTree = "<group>";
		};
		AD7C5DC4216F42EB00FC9B43 /* Home */ = {
			isa = PBXGroup;
			children = (
				AD7C5DC5216F42EB00FC9B43 /* Controller */,
				AD7C5DC7216F42EB00FC9B43 /* Model */,
				AD7C5DC8216F42EB00FC9B43 /* View */,
			);
			path = Home;
			sourceTree = "<group>";
		};
		AD7C5DC5216F42EB00FC9B43 /* Controller */ = {
			isa = PBXGroup;
			children = (
				AD7C5DC6216F42EB00FC9B43 /* DQHomeVC.swift */,
			);
			path = Controller;
			sourceTree = "<group>";
		};
		AD7C5DC7216F42EB00FC9B43 /* Model */ = {
			isa = PBXGroup;
			children = (
			);
			path = Model;
			sourceTree = "<group>";
		};
		AD7C5DC8216F42EB00FC9B43 /* View */ = {
			isa = PBXGroup;
			children = (
			);
			path = View;
			sourceTree = "<group>";
		};
		AD7C5DC9216F42EB00FC9B43 /* Huoshan */ = {
			isa = PBXGroup;
			children = (
				AD7C5DCA216F42EB00FC9B43 /* Controller */,
				AD7C5DCC216F42EB00FC9B43 /* Model */,
				AD7C5DCD216F42EB00FC9B43 /* View */,
			);
			path = Huoshan;
			sourceTree = "<group>";
		};
		AD7C5DCA216F42EB00FC9B43 /* Controller */ = {
			isa = PBXGroup;
			children = (
				AD7C5DCB216F42EB00FC9B43 /* DQHuoshanVC.swift */,
			);
			path = Controller;
			sourceTree = "<group>";
		};
		AD7C5DCC216F42EB00FC9B43 /* Model */ = {
			isa = PBXGroup;
			children = (
			);
			path = Model;
			sourceTree = "<group>";
		};
		AD7C5DCD216F42EB00FC9B43 /* View */ = {
			isa = PBXGroup;
			children = (
			);
			path = View;
			sourceTree = "<group>";
		};
		AD7C5DCE216F42EB00FC9B43 /* Mine */ = {
			isa = PBXGroup;
			children = (
				AD7C5DCF216F42EB00FC9B43 /* Controller */,
				AD7C5DD1216F42EB00FC9B43 /* Model */,
				AD7C5DD2216F42EB00FC9B43 /* View */,
			);
			path = Mine;
			sourceTree = "<group>";
		};
		AD7C5DCF216F42EB00FC9B43 /* Controller */ = {
			isa = PBXGroup;
			children = (
				AD7C5DD0216F42EB00FC9B43 /* DQMineVC.swift */,
				AD601F9121816A3B0001C036 /* DQMoreLoginVC.swift */,
			);
			path = Controller;
			sourceTree = "<group>";
		};
		AD7C5DD1216F42EB00FC9B43 /* Model */ = {
			isa = PBXGroup;
			children = (
			);
			path = Model;
			sourceTree = "<group>";
		};
		AD7C5DD2216F42EB00FC9B43 /* View */ = {
			isa = PBXGroup;
			children = (
				AD6A1D5821743BAF009D8E35 /* MineCell.swift */,
				AD6A1D5921743BAF009D8E35 /* MineCell.xib */,
				AD6A1D5C217467C6009D8E35 /* MineFirstSectionCell.swift */,
				AD6A1D5D217467C6009D8E35 /* MineFirstSectionCell.xib */,
				AD6A1D662174837D009D8E35 /* MyfollowCollectionCell.swift */,
				AD6A1D672174837D009D8E35 /* MyfollowCollectionCell.xib */,
				AD2412FE2175D505002A37C3 /* NoLoginHeaderView.swift */,
				AD2413002175D539002A37C3 /* NoLoginHeaderView.xib */,
			);
			path = View;
			sourceTree = "<group>";
		};
		AD7C5DD3216F42EB00FC9B43 /* Video */ = {
			isa = PBXGroup;
			children = (
				AD7C5DD4216F42EB00FC9B43 /* Controller */,
				AD7C5DD6216F42EB00FC9B43 /* Model */,
				AD7C5DD7216F42EB00FC9B43 /* View */,
			);
			path = Video;
			sourceTree = "<group>";
		};
		AD7C5DD4216F42EB00FC9B43 /* Controller */ = {
			isa = PBXGroup;
			children = (
				AD7C5DD5216F42EB00FC9B43 /* DQVideoVC.swift */,
			);
			path = Controller;
			sourceTree = "<group>";
		};
		AD7C5DD6216F42EB00FC9B43 /* Model */ = {
			isa = PBXGroup;
			children = (
			);
			path = Model;
			sourceTree = "<group>";
		};
		AD7C5DD7216F42EB00FC9B43 /* View */ = {
			isa = PBXGroup;
			children = (
			);
			path = View;
			sourceTree = "<group>";
		};
		AD7C5DDC216F4C6200FC9B43 /* Other */ = {
			isa = PBXGroup;
			children = (
				AD7C5DDD216F4C7600FC9B43 /* Const.swift */,
				AD6A1D5421742766009D8E35 /* API.swift */,
				AD6A1D562174328B009D8E35 /* MyCellModel.swift */,
			);
			path = Other;
			sourceTree = "<group>";
		};
		AD7C5DDF216F4D1E00FC9B43 /* Extension */ = {
			isa = PBXGroup;
			children = (
				AD7C5DE0216F4E2F00FC9B43 /* UIColor+Extension.swift */,
				AD6A1D6021746D42009D8E35 /* UIView+extension.swift */,
				AD6A1D6221746E56009D8E35 /* UITableView+Extension.swift */,
				AD6A1D642174702C009D8E35 /* UICollectionView+Extension.swift */,
			);
			path = Extension;
			sourceTree = "<group>";
		};
		ADBB352F216DCE7000CA492B = {
			isa = PBXGroup;
			children = (
				ADBB353A216DCE7000CA492B /* News */,
				ADBB354F216DCE7C00CA492B /* NewsTests */,
				ADBB355A216DCE7C00CA492B /* NewsUITests */,
				ADBB3539216DCE7000CA492B /* Products */,
				EE951CF2E672A5563D6DB43E /* Pods */,
				69B1B6AF84BE68E13C288EA8 /* Frameworks */,
			);
			sourceTree = "<group>";
		};
		ADBB3539216DCE7000CA492B /* Products */ = {
			isa = PBXGroup;
			children = (
				ADBB3538216DCE7000CA492B /* News.app */,
				ADBB354C216DCE7C00CA492B /* NewsTests.xctest */,
				ADBB3557216DCE7C00CA492B /* NewsUITests.xctest */,
			);
			name = Products;
			sourceTree = "<group>";
		};
		ADBB353A216DCE7000CA492B /* News */ = {
			isa = PBXGroup;
			children = (
				ADBB353B216DCE7000CA492B /* AppDelegate.swift */,
				ADBB3569216DD07F00CA492B /* DQTabBarVC.swift */,
				ADBB356B216DD0A900CA492B /* DQNavigationVC.swift */,
				AD7C5DC1216F3BB100FC9B43 /* DQTabBar.swift */,
				AD7A56A821708F2900F08FD5 /* Tools */,
				AD7C5DC3216F42EB00FC9B43 /* Classes */,
				AD7C5DDC216F4C6200FC9B43 /* Other */,
				AD7C5DDF216F4D1E00FC9B43 /* Extension */,
				ADBB353F216DCE7000CA492B /* Main.storyboard */,
				ADBB3542216DCE7B00CA492B /* Assets.xcassets */,
				ADBB3544216DCE7B00CA492B /* LaunchScreen.storyboard */,
				ADBB3547216DCE7B00CA492B /* Info.plist */,
				AD8C81BE21800F27009C3756 /* DefaultTheme.plist */,
				AD8C81C021800F38009C3756 /* NightTheme.plist */,
			);
			path = News;
			sourceTree = "<group>";
		};
		ADBB354F216DCE7C00CA492B /* NewsTests */ = {
			isa = PBXGroup;
			children = (
				ADBB3550216DCE7C00CA492B /* NewsTests.swift */,
				ADBB3552216DCE7C00CA492B /* Info.plist */,
			);
			path = NewsTests;
			sourceTree = "<group>";
		};
		ADBB355A216DCE7C00CA492B /* NewsUITests */ = {
			isa = PBXGroup;
			children = (
				ADBB355B216DCE7C00CA492B /* NewsUITests.swift */,
				ADBB355D216DCE7C00CA492B /* Info.plist */,
			);
			path = NewsUITests;
			sourceTree = "<group>";
		};
		EE951CF2E672A5563D6DB43E /* Pods */ = {
			isa = PBXGroup;
			children = (
				8EC23DCDED9565E1780AB51F /* Pods-News.debug.xcconfig */,
				3EE15182970C21ED47A7BE83 /* Pods-News.release.xcconfig */,
			);
			name = Pods;
			sourceTree = "<group>";
		};
/* End PBXGroup section */

/* Begin PBXNativeTarget section */
		ADBB3537216DCE7000CA492B /* News */ = {
			isa = PBXNativeTarget;
			buildConfigurationList = ADBB3560216DCE7C00CA492B /* Build configuration list for PBXNativeTarget "News" */;
			buildPhases = (
				438D792290902C3309B103E0 /* [CP] Check Pods Manifest.lock */,
				ADBB3534216DCE7000CA492B /* Sources */,
				ADBB3535216DCE7000CA492B /* Frameworks */,
				ADBB3536216DCE7000CA492B /* Resources */,
				8117BC42B4F5C48090296531 /* [CP] Embed Pods Frameworks */,
			);
			buildRules = (
			);
			dependencies = (
			);
			name = News;
			productName = News;
			productReference = ADBB3538216DCE7000CA492B /* News.app */;
			productType = "com.apple.product-type.application";
		};
		ADBB354B216DCE7C00CA492B /* NewsTests */ = {
			isa = PBXNativeTarget;
			buildConfigurationList = ADBB3563216DCE7C00CA492B /* Build configuration list for PBXNativeTarget "NewsTests" */;
			buildPhases = (
				ADBB3548216DCE7C00CA492B /* Sources */,
				ADBB3549216DCE7C00CA492B /* Frameworks */,
				ADBB354A216DCE7C00CA492B /* Resources */,
			);
			buildRules = (
			);
			dependencies = (
				ADBB354E216DCE7C00CA492B /* PBXTargetDependency */,
			);
			name = NewsTests;
			productName = NewsTests;
			productReference = ADBB354C216DCE7C00CA492B /* NewsTests.xctest */;
			productType = "com.apple.product-type.bundle.unit-test";
		};
		ADBB3556216DCE7C00CA492B /* NewsUITests */ = {
			isa = PBXNativeTarget;
			buildConfigurationList = ADBB3566216DCE7C00CA492B /* Build configuration list for PBXNativeTarget "NewsUITests" */;
			buildPhases = (
				ADBB3553216DCE7C00CA492B /* Sources */,
				ADBB3554216DCE7C00CA492B /* Frameworks */,
				ADBB3555216DCE7C00CA492B /* Resources */,
			);
			buildRules = (
			);
			dependencies = (
				ADBB3559216DCE7C00CA492B /* PBXTargetDependency */,
			);
			name = NewsUITests;
			productName = NewsUITests;
			productReference = ADBB3557216DCE7C00CA492B /* NewsUITests.xctest */;
			productType = "com.apple.product-type.bundle.ui-testing";
		};
/* End PBXNativeTarget section */

/* Begin PBXProject section */
		ADBB3530216DCE7000CA492B /* Project object */ = {
			isa = PBXProject;
			attributes = {
				LastSwiftUpdateCheck = 0940;
				LastUpgradeCheck = 0940;
				ORGANIZATIONNAME = yuwenbin;
				TargetAttributes = {
					ADBB3537216DCE7000CA492B = {
						CreatedOnToolsVersion = 9.4;
					};
					ADBB354B216DCE7C00CA492B = {
						CreatedOnToolsVersion = 9.4;
						TestTargetID = ADBB3537216DCE7000CA492B;
					};
					ADBB3556216DCE7C00CA492B = {
						CreatedOnToolsVersion = 9.4;
						TestTargetID = ADBB3537216DCE7000CA492B;
					};
				};
			};
			buildConfigurationList = ADBB3533216DCE7000CA492B /* Build configuration list for PBXProject "News" */;
			compatibilityVersion = "Xcode 9.3";
			developmentRegion = en;
			hasScannedForEncodings = 0;
			knownRegions = (
				en,
				Base,
			);
			mainGroup = ADBB352F216DCE7000CA492B;
			productRefGroup = ADBB3539216DCE7000CA492B /* Products */;
			projectDirPath = "";
			projectRoot = "";
			targets = (
				ADBB3537216DCE7000CA492B /* News */,
				ADBB354B216DCE7C00CA492B /* NewsTests */,
				ADBB3556216DCE7C00CA492B /* NewsUITests */,
			);
		};
/* End PBXProject section */

/* Begin PBXResourcesBuildPhase section */
		ADBB3536216DCE7000CA492B /* Resources */ = {
			isa = PBXResourcesBuildPhase;
			buildActionMask = 2147483647;
			files = (
				AD6A1D692174837D009D8E35 /* MyfollowCollectionCell.xib in Resources */,
				ADBB3546216DCE7B00CA492B /* LaunchScreen.storyboard in Resources */,
				ADBB3543216DCE7B00CA492B /* Assets.xcassets in Resources */,
				AD6A1D5B21743BAF009D8E35 /* MineCell.xib in Resources */,
				AD8C81C121800F38009C3756 /* NightTheme.plist in Resources */,
				AD8C81BF21800F27009C3756 /* DefaultTheme.plist in Resources */,
				AD6A1D5F217467C6009D8E35 /* MineFirstSectionCell.xib in Resources */,
				ADBB3541216DCE7000CA492B /* Main.storyboard in Resources */,
				AD2413012175D539002A37C3 /* NoLoginHeaderView.xib in Resources */,
			);
			runOnlyForDeploymentPostprocessing = 0;
		};
		ADBB354A216DCE7C00CA492B /* Resources */ = {
			isa = PBXResourcesBuildPhase;
			buildActionMask = 2147483647;
			files = (
			);
			runOnlyForDeploymentPostprocessing = 0;
		};
		ADBB3555216DCE7C00CA492B /* Resources */ = {
			isa = PBXResourcesBuildPhase;
			buildActionMask = 2147483647;
			files = (
			);
			runOnlyForDeploymentPostprocessing = 0;
		};
/* End PBXResourcesBuildPhase section */

/* Begin PBXShellScriptBuildPhase section */
		438D792290902C3309B103E0 /* [CP] Check Pods Manifest.lock */ = {
			isa = PBXShellScriptBuildPhase;
			buildActionMask = 2147483647;
			files = (
			);
			inputPaths = (
				"${PODS_PODFILE_DIR_PATH}/Podfile.lock",
				"${PODS_ROOT}/Manifest.lock",
			);
			name = "[CP] Check Pods Manifest.lock";
			outputPaths = (
				"$(DERIVED_FILE_DIR)/Pods-News-checkManifestLockResult.txt",
			);
			runOnlyForDeploymentPostprocessing = 0;
			shellPath = /bin/sh;
			shellScript = "diff \"${PODS_PODFILE_DIR_PATH}/Podfile.lock\" \"${PODS_ROOT}/Manifest.lock\" > /dev/null\nif [ $? != 0 ] ; then\n    # print error to STDERR\n    echo \"error: The sandbox is not in sync with the Podfile.lock. Run 'pod install' or update your CocoaPods installation.\" >&2\n    exit 1\nfi\n# This output is used by Xcode 'outputs' to avoid re-running this script phase.\necho \"SUCCESS\" > \"${SCRIPT_OUTPUT_FILE_0}\"\n";
			showEnvVarsInLog = 0;
		};
		8117BC42B4F5C48090296531 /* [CP] Embed Pods Frameworks */ = {
			isa = PBXShellScriptBuildPhase;
			buildActionMask = 2147483647;
			files = (
			);
			inputPaths = (
				"${SRCROOT}/Pods/Target Support Files/Pods-News/Pods-News-frameworks.sh",
				"${BUILT_PRODUCTS_DIR}/Alamofire/Alamofire.framework",
				"${BUILT_PRODUCTS_DIR}/BMPlayer/BMPlayer.framework",
				"${BUILT_PRODUCTS_DIR}/FDFullscreenPopGesture/FDFullscreenPopGesture.framework",
				"${BUILT_PRODUCTS_DIR}/HandyJSON/HandyJSON.framework",
				"${BUILT_PRODUCTS_DIR}/IBAnimatable/IBAnimatable.framework",
				"${BUILT_PRODUCTS_DIR}/IQKeyboardManagerSwift/IQKeyboardManagerSwift.framework",
				"${BUILT_PRODUCTS_DIR}/Kingfisher/Kingfisher.framework",
				"${BUILT_PRODUCTS_DIR}/MJRefresh/MJRefresh.framework",
				"${BUILT_PRODUCTS_DIR}/NVActivityIndicatorView/NVActivityIndicatorView.framework",
				"${BUILT_PRODUCTS_DIR}/PINCache/PINCache.framework",
				"${BUILT_PRODUCTS_DIR}/PINOperation/PINOperation.framework",
				"${BUILT_PRODUCTS_DIR}/PINRemoteImage/PINRemoteImage.framework",
				"${BUILT_PRODUCTS_DIR}/RxCocoa/RxCocoa.framework",
				"${BUILT_PRODUCTS_DIR}/RxSwift/RxSwift.framework",
				"${BUILT_PRODUCTS_DIR}/SGPagingView/SGPagingView.framework",
				"${BUILT_PRODUCTS_DIR}/SQLite.swift/SQLite.framework",
				"${BUILT_PRODUCTS_DIR}/SVProgressHUD/SVProgressHUD.framework",
				"${BUILT_PRODUCTS_DIR}/SnapKit/SnapKit.framework",
				"${BUILT_PRODUCTS_DIR}/SwiftTheme/SwiftTheme.framework",
				"${BUILT_PRODUCTS_DIR}/SwiftyJSON/SwiftyJSON.framework",
				"${BUILT_PRODUCTS_DIR}/Texture/AsyncDisplayKit.framework",
				"${BUILT_PRODUCTS_DIR}/lottie-ios/Lottie.framework",
			);
			name = "[CP] Embed Pods Frameworks";
			outputPaths = (
				"${TARGET_BUILD_DIR}/${FRAMEWORKS_FOLDER_PATH}/Alamofire.framework",
				"${TARGET_BUILD_DIR}/${FRAMEWORKS_FOLDER_PATH}/BMPlayer.framework",
				"${TARGET_BUILD_DIR}/${FRAMEWORKS_FOLDER_PATH}/FDFullscreenPopGesture.framework",
				"${TARGET_BUILD_DIR}/${FRAMEWORKS_FOLDER_PATH}/HandyJSON.framework",
				"${TARGET_BUILD_DIR}/${FRAMEWORKS_FOLDER_PATH}/IBAnimatable.framework",
				"${TARGET_BUILD_DIR}/${FRAMEWORKS_FOLDER_PATH}/IQKeyboardManagerSwift.framework",
				"${TARGET_BUILD_DIR}/${FRAMEWORKS_FOLDER_PATH}/Kingfisher.framework",
				"${TARGET_BUILD_DIR}/${FRAMEWORKS_FOLDER_PATH}/MJRefresh.framework",
				"${TARGET_BUILD_DIR}/${FRAMEWORKS_FOLDER_PATH}/NVActivityIndicatorView.framework",
				"${TARGET_BUILD_DIR}/${FRAMEWORKS_FOLDER_PATH}/PINCache.framework",
				"${TARGET_BUILD_DIR}/${FRAMEWORKS_FOLDER_PATH}/PINOperation.framework",
				"${TARGET_BUILD_DIR}/${FRAMEWORKS_FOLDER_PATH}/PINRemoteImage.framework",
				"${TARGET_BUILD_DIR}/${FRAMEWORKS_FOLDER_PATH}/RxCocoa.framework",
				"${TARGET_BUILD_DIR}/${FRAMEWORKS_FOLDER_PATH}/RxSwift.framework",
				"${TARGET_BUILD_DIR}/${FRAMEWORKS_FOLDER_PATH}/SGPagingView.framework",
				"${TARGET_BUILD_DIR}/${FRAMEWORKS_FOLDER_PATH}/SQLite.framework",
				"${TARGET_BUILD_DIR}/${FRAMEWORKS_FOLDER_PATH}/SVProgressHUD.framework",
				"${TARGET_BUILD_DIR}/${FRAMEWORKS_FOLDER_PATH}/SnapKit.framework",
				"${TARGET_BUILD_DIR}/${FRAMEWORKS_FOLDER_PATH}/SwiftTheme.framework",
				"${TARGET_BUILD_DIR}/${FRAMEWORKS_FOLDER_PATH}/SwiftyJSON.framework",
				"${TARGET_BUILD_DIR}/${FRAMEWORKS_FOLDER_PATH}/AsyncDisplayKit.framework",
				"${TARGET_BUILD_DIR}/${FRAMEWORKS_FOLDER_PATH}/Lottie.framework",
			);
			runOnlyForDeploymentPostprocessing = 0;
			shellPath = /bin/sh;
			shellScript = "\"${SRCROOT}/Pods/Target Support Files/Pods-News/Pods-News-frameworks.sh\"\n";
			showEnvVarsInLog = 0;
		};
/* End PBXShellScriptBuildPhase section */

/* Begin PBXSourcesBuildPhase section */
		ADBB3534216DCE7000CA492B /* Sources */ = {
			isa = PBXSourcesBuildPhase;
			buildActionMask = 2147483647;
			files = (
				AD6A1D652174702C009D8E35 /* UICollectionView+Extension.swift in Sources */,
				AD7A56AA21708F4600F08FD5 /* NetworkTool.swift in Sources */,
				AD6A1D572174328B009D8E35 /* MyCellModel.swift in Sources */,
				AD6A1D6121746D42009D8E35 /* UIView+extension.swift in Sources */,
				AD601F9221816A3B0001C036 /* DQMoreLoginVC.swift in Sources */,
				AD6A1D682174837D009D8E35 /* MyfollowCollectionCell.swift in Sources */,
				AD6A1D5E217467C6009D8E35 /* MineFirstSectionCell.swift in Sources */,
				AD7C5DD9216F42EB00FC9B43 /* DQHuoshanVC.swift in Sources */,
				AD7C5DD8216F42EB00FC9B43 /* DQHomeVC.swift in Sources */,
				AD2412FF2175D505002A37C3 /* NoLoginHeaderView.swift in Sources */,
				AD6A1D6321746E56009D8E35 /* UITableView+Extension.swift in Sources */,
				AD7C5DC2216F3BB100FC9B43 /* DQTabBar.swift in Sources */,
				AD7C5DDA216F42EB00FC9B43 /* DQMineVC.swift in Sources */,
				ADBB356C216DD0A900CA492B /* DQNavigationVC.swift in Sources */,
				ADBB356A216DD07F00CA492B /* DQTabBarVC.swift in Sources */,
				ADBB353C216DCE7000CA492B /* AppDelegate.swift in Sources */,
				AD7C5DDB216F42EB00FC9B43 /* DQVideoVC.swift in Sources */,
				AD6A1D5A21743BAF009D8E35 /* MineCell.swift in Sources */,
				AD7C5DDE216F4C7600FC9B43 /* Const.swift in Sources */,
				AD6A1D5521742766009D8E35 /* API.swift in Sources */,
				AD7C5DE1216F4E2F00FC9B43 /* UIColor+Extension.swift in Sources */,
				AD8C81BD21800E44009C3756 /* ThemeTool.swift in Sources */,
			);
			runOnlyForDeploymentPostprocessing = 0;
		};
		ADBB3548216DCE7C00CA492B /* Sources */ = {
			isa = PBXSourcesBuildPhase;
			buildActionMask = 2147483647;
			files = (
				ADBB3551216DCE7C00CA492B /* NewsTests.swift in Sources */,
			);
			runOnlyForDeploymentPostprocessing = 0;
		};
		ADBB3553216DCE7C00CA492B /* Sources */ = {
			isa = PBXSourcesBuildPhase;
			buildActionMask = 2147483647;
			files = (
				ADBB355C216DCE7C00CA492B /* NewsUITests.swift in Sources */,
			);
			runOnlyForDeploymentPostprocessing = 0;
		};
/* End PBXSourcesBuildPhase section */

/* Begin PBXTargetDependency section */
		ADBB354E216DCE7C00CA492B /* PBXTargetDependency */ = {
			isa = PBXTargetDependency;
			target = ADBB3537216DCE7000CA492B /* News */;
			targetProxy = ADBB354D216DCE7C00CA492B /* PBXContainerItemProxy */;
		};
		ADBB3559216DCE7C00CA492B /* PBXTargetDependency */ = {
			isa = PBXTargetDependency;
			target = ADBB3537216DCE7000CA492B /* News */;
			targetProxy = ADBB3558216DCE7C00CA492B /* PBXContainerItemProxy */;
		};
/* End PBXTargetDependency section */

/* Begin PBXVariantGroup section */
		ADBB353F216DCE7000CA492B /* Main.storyboard */ = {
			isa = PBXVariantGroup;
			children = (
				ADBB3540216DCE7000CA492B /* Base */,
			);
			name = Main.storyboard;
			sourceTree = "<group>";
		};
		ADBB3544216DCE7B00CA492B /* LaunchScreen.storyboard */ = {
			isa = PBXVariantGroup;
			children = (
				ADBB3545216DCE7B00CA492B /* Base */,
			);
			name = LaunchScreen.storyboard;
			sourceTree = "<group>";
		};
/* End PBXVariantGroup section */

/* Begin XCBuildConfiguration section */
		ADBB355E216DCE7C00CA492B /* Debug */ = {
			isa = XCBuildConfiguration;
			buildSettings = {
				ALWAYS_SEARCH_USER_PATHS = NO;
				CLANG_ANALYZER_NONNULL = YES;
				CLANG_ANALYZER_NUMBER_OBJECT_CONVERSION = YES_AGGRESSIVE;
				CLANG_CXX_LANGUAGE_STANDARD = "gnu++14";
				CLANG_CXX_LIBRARY = "libc++";
				CLANG_ENABLE_MODULES = YES;
				CLANG_ENABLE_OBJC_ARC = YES;
				CLANG_ENABLE_OBJC_WEAK = YES;
				CLANG_WARN_BLOCK_CAPTURE_AUTORELEASING = YES;
				CLANG_WARN_BOOL_CONVERSION = YES;
				CLANG_WARN_COMMA = YES;
				CLANG_WARN_CONSTANT_CONVERSION = YES;
				CLANG_WARN_DEPRECATED_OBJC_IMPLEMENTATIONS = YES;
				CLANG_WARN_DIRECT_OBJC_ISA_USAGE = YES_ERROR;
				CLANG_WARN_DOCUMENTATION_COMMENTS = YES;
				CLANG_WARN_EMPTY_BODY = YES;
				CLANG_WARN_ENUM_CONVERSION = YES;
				CLANG_WARN_INFINITE_RECURSION = YES;
				CLANG_WARN_INT_CONVERSION = YES;
				CLANG_WARN_NON_LITERAL_NULL_CONVERSION = YES;
				CLANG_WARN_OBJC_IMPLICIT_RETAIN_SELF = YES;
				CLANG_WARN_OBJC_LITERAL_CONVERSION = YES;
				CLANG_WARN_OBJC_ROOT_CLASS = YES_ERROR;
				CLANG_WARN_RANGE_LOOP_ANALYSIS = YES;
				CLANG_WARN_STRICT_PROTOTYPES = YES;
				CLANG_WARN_SUSPICIOUS_MOVE = YES;
				CLANG_WARN_UNGUARDED_AVAILABILITY = YES_AGGRESSIVE;
				CLANG_WARN_UNREACHABLE_CODE = YES;
				CLANG_WARN__DUPLICATE_METHOD_MATCH = YES;
				CODE_SIGN_IDENTITY = "iPhone Developer";
				COPY_PHASE_STRIP = NO;
				DEBUG_INFORMATION_FORMAT = dwarf;
				ENABLE_STRICT_OBJC_MSGSEND = YES;
				ENABLE_TESTABILITY = YES;
				GCC_C_LANGUAGE_STANDARD = gnu11;
				GCC_DYNAMIC_NO_PIC = NO;
				GCC_NO_COMMON_BLOCKS = YES;
				GCC_OPTIMIZATION_LEVEL = 0;
				GCC_PREPROCESSOR_DEFINITIONS = (
					"DEBUG=1",
					"$(inherited)",
				);
				GCC_WARN_64_TO_32_BIT_CONVERSION = YES;
				GCC_WARN_ABOUT_RETURN_TYPE = YES_ERROR;
				GCC_WARN_UNDECLARED_SELECTOR = YES;
				GCC_WARN_UNINITIALIZED_AUTOS = YES_AGGRESSIVE;
				GCC_WARN_UNUSED_FUNCTION = YES;
				GCC_WARN_UNUSED_VARIABLE = YES;
				IPHONEOS_DEPLOYMENT_TARGET = 11.4;
				MTL_ENABLE_DEBUG_INFO = YES;
				ONLY_ACTIVE_ARCH = YES;
				SDKROOT = iphoneos;
				SWIFT_ACTIVE_COMPILATION_CONDITIONS = DEBUG;
				SWIFT_OPTIMIZATION_LEVEL = "-Onone";
			};
			name = Debug;
		};
		ADBB355F216DCE7C00CA492B /* Release */ = {
			isa = XCBuildConfiguration;
			buildSettings = {
				ALWAYS_SEARCH_USER_PATHS = NO;
				CLANG_ANALYZER_NONNULL = YES;
				CLANG_ANALYZER_NUMBER_OBJECT_CONVERSION = YES_AGGRESSIVE;
				CLANG_CXX_LANGUAGE_STANDARD = "gnu++14";
				CLANG_CXX_LIBRARY = "libc++";
				CLANG_ENABLE_MODULES = YES;
				CLANG_ENABLE_OBJC_ARC = YES;
				CLANG_ENABLE_OBJC_WEAK = YES;
				CLANG_WARN_BLOCK_CAPTURE_AUTORELEASING = YES;
				CLANG_WARN_BOOL_CONVERSION = YES;
				CLANG_WARN_COMMA = YES;
				CLANG_WARN_CONSTANT_CONVERSION = YES;
				CLANG_WARN_DEPRECATED_OBJC_IMPLEMENTATIONS = YES;
				CLANG_WARN_DIRECT_OBJC_ISA_USAGE = YES_ERROR;
				CLANG_WARN_DOCUMENTATION_COMMENTS = YES;
				CLANG_WARN_EMPTY_BODY = YES;
				CLANG_WARN_ENUM_CONVERSION = YES;
				CLANG_WARN_INFINITE_RECURSION = YES;
				CLANG_WARN_INT_CONVERSION = YES;
				CLANG_WARN_NON_LITERAL_NULL_CONVERSION = YES;
				CLANG_WARN_OBJC_IMPLICIT_RETAIN_SELF = YES;
				CLANG_WARN_OBJC_LITERAL_CONVERSION = YES;
				CLANG_WARN_OBJC_ROOT_CLASS = YES_ERROR;
				CLANG_WARN_RANGE_LOOP_ANALYSIS = YES;
				CLANG_WARN_STRICT_PROTOTYPES = YES;
				CLANG_WARN_SUSPICIOUS_MOVE = YES;
				CLANG_WARN_UNGUARDED_AVAILABILITY = YES_AGGRESSIVE;
				CLANG_WARN_UNREACHABLE_CODE = YES;
				CLANG_WARN__DUPLICATE_METHOD_MATCH = YES;
				CODE_SIGN_IDENTITY = "iPhone Developer";
				COPY_PHASE_STRIP = NO;
				DEBUG_INFORMATION_FORMAT = "dwarf-with-dsym";
				ENABLE_NS_ASSERTIONS = NO;
				ENABLE_STRICT_OBJC_MSGSEND = YES;
				GCC_C_LANGUAGE_STANDARD = gnu11;
				GCC_NO_COMMON_BLOCKS = YES;
				GCC_WARN_64_TO_32_BIT_CONVERSION = YES;
				GCC_WARN_ABOUT_RETURN_TYPE = YES_ERROR;
				GCC_WARN_UNDECLARED_SELECTOR = YES;
				GCC_WARN_UNINITIALIZED_AUTOS = YES_AGGRESSIVE;
				GCC_WARN_UNUSED_FUNCTION = YES;
				GCC_WARN_UNUSED_VARIABLE = YES;
				IPHONEOS_DEPLOYMENT_TARGET = 11.4;
				MTL_ENABLE_DEBUG_INFO = NO;
				SDKROOT = iphoneos;
				SWIFT_COMPILATION_MODE = wholemodule;
				SWIFT_OPTIMIZATION_LEVEL = "-O";
				VALIDATE_PRODUCT = YES;
			};
			name = Release;
		};
		ADBB3561216DCE7C00CA492B /* Debug */ = {
			isa = XCBuildConfiguration;
			baseConfigurationReference = 8EC23DCDED9565E1780AB51F /* Pods-News.debug.xcconfig */;
			buildSettings = {
				ASSETCATALOG_COMPILER_APPICON_NAME = AppIcon;
				ASSETCATALOG_COMPILER_LAUNCHIMAGE_NAME = LaunchImage;
				CODE_SIGN_STYLE = Automatic;
				DEVELOPMENT_TEAM = 5H7X738FDF;
				INFOPLIST_FILE = News/Info.plist;
				IPHONEOS_DEPLOYMENT_TARGET = 9.0;
				LD_RUNPATH_SEARCH_PATHS = (
					"$(inherited)",
					"@executable_path/Frameworks",
				);
				PRODUCT_BUNDLE_IDENTIFIER = daqian.News;
				PRODUCT_NAME = "$(TARGET_NAME)";
				SWIFT_VERSION = 4.0;
				TARGETED_DEVICE_FAMILY = 1;
			};
			name = Debug;
		};
		ADBB3562216DCE7C00CA492B /* Release */ = {
			isa = XCBuildConfiguration;
			baseConfigurationReference = 3EE15182970C21ED47A7BE83 /* Pods-News.release.xcconfig */;
			buildSettings = {
				ASSETCATALOG_COMPILER_APPICON_NAME = AppIcon;
				ASSETCATALOG_COMPILER_LAUNCHIMAGE_NAME = LaunchImage;
				CODE_SIGN_STYLE = Automatic;
				DEVELOPMENT_TEAM = 5H7X738FDF;
				INFOPLIST_FILE = News/Info.plist;
				IPHONEOS_DEPLOYMENT_TARGET = 9.0;
				LD_RUNPATH_SEARCH_PATHS = (
					"$(inherited)",
					"@executable_path/Frameworks",
				);
				PRODUCT_BUNDLE_IDENTIFIER = daqian.News;
				PRODUCT_NAME = "$(TARGET_NAME)";
				SWIFT_VERSION = 4.0;
				TARGETED_DEVICE_FAMILY = 1;
			};
			name = Release;
		};
		ADBB3564216DCE7C00CA492B /* Debug */ = {
			isa = XCBuildConfiguration;
			buildSettings = {
				ALWAYS_EMBED_SWIFT_STANDARD_LIBRARIES = YES;
				BUNDLE_LOADER = "$(TEST_HOST)";
				CODE_SIGN_STYLE = Automatic;
				DEVELOPMENT_TEAM = 5H7X738FDF;
				INFOPLIST_FILE = NewsTests/Info.plist;
				LD_RUNPATH_SEARCH_PATHS = (
					"$(inherited)",
					"@executable_path/Frameworks",
					"@loader_path/Frameworks",
				);
				PRODUCT_BUNDLE_IDENTIFIER = daqian.NewsTests;
				PRODUCT_NAME = "$(TARGET_NAME)";
				SWIFT_VERSION = 4.0;
				TARGETED_DEVICE_FAMILY = "1,2";
				TEST_HOST = "$(BUILT_PRODUCTS_DIR)/News.app/News";
			};
			name = Debug;
		};
		ADBB3565216DCE7C00CA492B /* Release */ = {
			isa = XCBuildConfiguration;
			buildSettings = {
				ALWAYS_EMBED_SWIFT_STANDARD_LIBRARIES = YES;
				BUNDLE_LOADER = "$(TEST_HOST)";
				CODE_SIGN_STYLE = Automatic;
				DEVELOPMENT_TEAM = 5H7X738FDF;
				INFOPLIST_FILE = NewsTests/Info.plist;
				LD_RUNPATH_SEARCH_PATHS = (
					"$(inherited)",
					"@executable_path/Frameworks",
					"@loader_path/Frameworks",
				);
				PRODUCT_BUNDLE_IDENTIFIER = daqian.NewsTests;
				PRODUCT_NAME = "$(TARGET_NAME)";
				SWIFT_VERSION = 4.0;
				TARGETED_DEVICE_FAMILY = "1,2";
				TEST_HOST = "$(BUILT_PRODUCTS_DIR)/News.app/News";
			};
			name = Release;
		};
		ADBB3567216DCE7C00CA492B /* Debug */ = {
			isa = XCBuildConfiguration;
			buildSettings = {
				ALWAYS_EMBED_SWIFT_STANDARD_LIBRARIES = YES;
				CODE_SIGN_STYLE = Automatic;
				DEVELOPMENT_TEAM = 5H7X738FDF;
				INFOPLIST_FILE = NewsUITests/Info.plist;
				LD_RUNPATH_SEARCH_PATHS = (
					"$(inherited)",
					"@executable_path/Frameworks",
					"@loader_path/Frameworks",
				);
				PRODUCT_BUNDLE_IDENTIFIER = daqian.NewsUITests;
				PRODUCT_NAME = "$(TARGET_NAME)";
				SWIFT_VERSION = 4.0;
				TARGETED_DEVICE_FAMILY = "1,2";
				TEST_TARGET_NAME = News;
			};
			name = Debug;
		};
		ADBB3568216DCE7C00CA492B /* Release */ = {
			isa = XCBuildConfiguration;
			buildSettings = {
				ALWAYS_EMBED_SWIFT_STANDARD_LIBRARIES = YES;
				CODE_SIGN_STYLE = Automatic;
				DEVELOPMENT_TEAM = 5H7X738FDF;
				INFOPLIST_FILE = NewsUITests/Info.plist;
				LD_RUNPATH_SEARCH_PATHS = (
					"$(inherited)",
					"@executable_path/Frameworks",
					"@loader_path/Frameworks",
				);
				PRODUCT_BUNDLE_IDENTIFIER = daqian.NewsUITests;
				PRODUCT_NAME = "$(TARGET_NAME)";
				SWIFT_VERSION = 4.0;
				TARGETED_DEVICE_FAMILY = "1,2";
				TEST_TARGET_NAME = News;
			};
			name = Release;
		};
/* End XCBuildConfiguration section */

/* Begin XCConfigurationList section */
		ADBB3533216DCE7000CA492B /* Build configuration list for PBXProject "News" */ = {
			isa = XCConfigurationList;
			buildConfigurations = (
				ADBB355E216DCE7C00CA492B /* Debug */,
				ADBB355F216DCE7C00CA492B /* Release */,
			);
			defaultConfigurationIsVisible = 0;
			defaultConfigurationName = Release;
		};
		ADBB3560216DCE7C00CA492B /* Build configuration list for PBXNativeTarget "News" */ = {
			isa = XCConfigurationList;
			buildConfigurations = (
				ADBB3561216DCE7C00CA492B /* Debug */,
				ADBB3562216DCE7C00CA492B /* Release */,
			);
			defaultConfigurationIsVisible = 0;
			defaultConfigurationName = Release;
		};
		ADBB3563216DCE7C00CA492B /* Build configuration list for PBXNativeTarget "NewsTests" */ = {
			isa = XCConfigurationList;
			buildConfigurations = (
				ADBB3564216DCE7C00CA492B /* Debug */,
				ADBB3565216DCE7C00CA492B /* Release */,
			);
			defaultConfigurationIsVisible = 0;
			defaultConfigurationName = Release;
		};
		ADBB3566216DCE7C00CA492B /* Build configuration list for PBXNativeTarget "NewsUITests" */ = {
			isa = XCConfigurationList;
			buildConfigurations = (
				ADBB3567216DCE7C00CA492B /* Debug */,
				ADBB3568216DCE7C00CA492B /* Release */,
			);
			defaultConfigurationIsVisible = 0;
			defaultConfigurationName = Release;
		};
/* End XCConfigurationList section */
	};
	rootObject = ADBB3530216DCE7000CA492B /* Project object */;
}
